
Microsoft Visual Studio Solution File, Format Version 12.00
# Visual Studio 15
VisualStudioVersion = 15.0.28010.2048
MinimumVisualStudioVersion = 10.0.40219.1
Project("{FAE04EC0-301F-11D3-BF4B-00C04F79EFBC}") = "TalkieTimer", "TalkieTimer\TalkieTimer.csproj", "{BA170570-8B30-4D97-BA43-D53A4C4DE1CC}"
EndProject
Global
	GlobalSection(SolutionConfigurationPlatforms) = preSolution
		Debug|Any CPU = Debug|Any CPU
		Release|Any CPU = Release|Any CPU
	EndGlobalSection
	GlobalSection(ProjectConfigurationPlatforms) = postSolution
		{BA170570-8B30-4D97-BA43-D53A4C4DE1CC}.Debug|Any CPU.ActiveCfg = Debug|Any CPU
		{BA170570-8B30-4D97-BA43-D53A4C4DE1CC}.Debug|Any CPU.Build.0 = Debug|Any CPU
		{BA170570-8B30-4D97-BA43-D53A4C4DE1CC}.Debug|Any CPU.Deploy.0 = Debug|Any CPU
		{BA170570-8B30-4D97-BA43-D53A4C4DE1CC}.Release|Any CPU.ActiveCfg = Release|Any CPU
		{BA170570-8B30-4D97-BA43-D53A4C4DE1CC}.Release|Any CPU.Build.0 = Release|Any CPU
		{BA170570-8B30-4D97-BA43-D53A4C4DE1CC}.Release|Any CPU.Deploy.0 = Release|Any CPU
	EndGlobalSection
	GlobalSection(SolutionProperties) = preSolution
		HideSolutionNode = FALSE
	EndGlobalSection
	GlobalSection(ExtensibilityGlobals) = postSolution
		SolutionGuid = {9CB01482-7702-483A-9312-93493E62ECEC}
	EndGlobalSection
EndGlobal
